
Microsoft Visual Studio Solution File, Format Version 12.00
# Visual Studio Version 17
VisualStudioVersion = 17.5.002.0
MinimumVisualStudioVersion = 10.0.40219.1
Project("{9A19103F-16F7-4668-BE54-9A1E7A4F7556}") = "LawnMowingService", "LawnMowingService\LawnMowingService.csproj", "{7CC356D2-BB5B-4C34-9027-CE80B3E5036E}"
EndProject
Global
	GlobalSection(SolutionConfigurationPlatforms) = preSolution
		Debug|Any CPU = Debug|Any CPU
		Release|Any CPU = Release|Any CPU
	EndGlobalSection
	GlobalSection(ProjectConfigurationPlatforms) = postSolution
		{7CC356D2-BB5B-4C34-9027-CE80B3E5036E}.Debug|Any CPU.ActiveCfg = Debug|Any CPU
		{7CC356D2-BB5B-4C34-9027-CE80B3E5036E}.Debug|Any CPU.Build.0 = Debug|Any CPU
		{7CC356D2-BB5B-4C34-9027-CE80B3E5036E}.Release|Any CPU.ActiveCfg = Release|Any CPU
		{7CC356D2-BB5B-4C34-9027-CE80B3E5036E}.Release|Any CPU.Build.0 = Release|Any CPU
	EndGlobalSection
	GlobalSection(SolutionProperties) = preSolution
		HideSolutionNode = FALSE
	EndGlobalSection
	GlobalSection(ExtensibilityGlobals) = postSolution
		SolutionGuid = {A83679F8-9F38-4F80-80D6-AC74A2A4A3FD}
	EndGlobalSection
EndGlobal
